
Microsoft Visual Studio Solution File, Format Version 12.00
Project("{FAE04EC0-301F-11D3-BF4B-00C04F79EFBC}") = "BlogAPI.UI", "BlogAPI.UI\BlogAPI.UI.csproj", "{FAC80577-7C5E-48C6-BBF5-BB2831DB5EDE}"
EndProject
Project("{2150E333-8FDC-42A3-9474-1A3956D46DE8}") = "DomainLayer", "DomainLayer", "{508592AF-689F-4055-8D0B-314B59834E03}"
EndProject
Project("{2150E333-8FDC-42A3-9474-1A3956D46DE8}") = "DataAccessLayer", "DataAccessLayer", "{FD599E39-34BF-4E73-9D9A-9B82C73352C3}"
EndProject
Project("{2150E333-8FDC-42A3-9474-1A3956D46DE8}") = "BussinessLogicLayer", "BussinessLogicLayer", "{3FBFA6D1-C070-4B16-A53D-63940A9038FC}"
EndProject
Project("{2150E333-8FDC-42A3-9474-1A3956D46DE8}") = "SecurityLayer", "SecurityLayer", "{8C687AC7-4EF7-4305-9730-7085D791E2C1}"
EndProject
Project("{FAE04EC0-301F-11D3-BF4B-00C04F79EFBC}") = "BlogAPI.BL", "BlogAPI.BL\BlogAPI.BL.csproj", "{076A5FB5-A7DC-4E94-ACBC-B062030D9FA0}"
EndProject
Project("{FAE04EC0-301F-11D3-BF4B-00C04F79EFBC}") = "BlogAPI.DAL", "BlogAPI.DAL\BlogAPI.DAL.csproj", "{8F167877-56FE-4957-9A93-C2CB56AA1A3D}"
EndProject
Project("{FAE04EC0-301F-11D3-BF4B-00C04F79EFBC}") = "BlogAPI.Domain", "BlogAPI.Domain\BlogAPI.Domain.csproj", "{66A81019-601C-4353-85DF-CEF3CEAA9928}"
EndProject
Project("{FAE04EC0-301F-11D3-BF4B-00C04F79EFBC}") = "BlogAPI.Security", "BlogAPI.Security\BlogAPI.Security.csproj", "{0A7C3532-799B-47A5-84FD-5B0702F224E6}"
EndProject
Global
	GlobalSection(SolutionConfigurationPlatforms) = preSolution
		Debug|Any CPU = Debug|Any CPU
		Release|Any CPU = Release|Any CPU
	EndGlobalSection
	GlobalSection(ProjectConfigurationPlatforms) = postSolution
		{FAC80577-7C5E-48C6-BBF5-BB2831DB5EDE}.Debug|Any CPU.ActiveCfg = Debug|Any CPU
		{FAC80577-7C5E-48C6-BBF5-BB2831DB5EDE}.Debug|Any CPU.Build.0 = Debug|Any CPU
		{FAC80577-7C5E-48C6-BBF5-BB2831DB5EDE}.Release|Any CPU.ActiveCfg = Release|Any CPU
		{FAC80577-7C5E-48C6-BBF5-BB2831DB5EDE}.Release|Any CPU.Build.0 = Release|Any CPU
		{076A5FB5-A7DC-4E94-ACBC-B062030D9FA0}.Debug|Any CPU.ActiveCfg = Debug|Any CPU
		{076A5FB5-A7DC-4E94-ACBC-B062030D9FA0}.Debug|Any CPU.Build.0 = Debug|Any CPU
		{076A5FB5-A7DC-4E94-ACBC-B062030D9FA0}.Release|Any CPU.ActiveCfg = Release|Any CPU
		{076A5FB5-A7DC-4E94-ACBC-B062030D9FA0}.Release|Any CPU.Build.0 = Release|Any CPU
		{8F167877-56FE-4957-9A93-C2CB56AA1A3D}.Debug|Any CPU.ActiveCfg = Debug|Any CPU
		{8F167877-56FE-4957-9A93-C2CB56AA1A3D}.Debug|Any CPU.Build.0 = Debug|Any CPU
		{8F167877-56FE-4957-9A93-C2CB56AA1A3D}.Release|Any CPU.ActiveCfg = Release|Any CPU
		{8F167877-56FE-4957-9A93-C2CB56AA1A3D}.Release|Any CPU.Build.0 = Release|Any CPU
		{66A81019-601C-4353-85DF-CEF3CEAA9928}.Debug|Any CPU.ActiveCfg = Debug|Any CPU
		{66A81019-601C-4353-85DF-CEF3CEAA9928}.Debug|Any CPU.Build.0 = Debug|Any CPU
		{66A81019-601C-4353-85DF-CEF3CEAA9928}.Release|Any CPU.ActiveCfg = Release|Any CPU
		{66A81019-601C-4353-85DF-CEF3CEAA9928}.Release|Any CPU.Build.0 = Release|Any CPU
		{0A7C3532-799B-47A5-84FD-5B0702F224E6}.Debug|Any CPU.ActiveCfg = Debug|Any CPU
		{0A7C3532-799B-47A5-84FD-5B0702F224E6}.Debug|Any CPU.Build.0 = Debug|Any CPU
		{0A7C3532-799B-47A5-84FD-5B0702F224E6}.Release|Any CPU.ActiveCfg = Release|Any CPU
		{0A7C3532-799B-47A5-84FD-5B0702F224E6}.Release|Any CPU.Build.0 = Release|Any CPU
	EndGlobalSection
	GlobalSection(NestedProjects) = preSolution
		{076A5FB5-A7DC-4E94-ACBC-B062030D9FA0} = {3FBFA6D1-C070-4B16-A53D-63940A9038FC}
		{8F167877-56FE-4957-9A93-C2CB56AA1A3D} = {FD599E39-34BF-4E73-9D9A-9B82C73352C3}
		{66A81019-601C-4353-85DF-CEF3CEAA9928} = {508592AF-689F-4055-8D0B-314B59834E03}
		{0A7C3532-799B-47A5-84FD-5B0702F224E6} = {8C687AC7-4EF7-4305-9730-7085D791E2C1}
	EndGlobalSection
EndGlobal
